
Microsoft Visual Studio Solution File, Format Version 12.00
# Visual Studio 15
VisualStudioVersion = 15.0.26730.16
MinimumVisualStudioVersion = 10.0.40219.1
Project("{FAE04EC0-301F-11D3-BF4B-00C04F79EFBC}") = "StaticAndExtensionsCSharp", "StaticAndExtensionsCSharp.csproj", "{DAB16CA7-6971-4433-B4AE-9773F21A0BE6}"
EndProject
Project("{FAE04EC0-301F-11D3-BF4B-00C04F79EFBC}") = "StaticAndExtensionsCSharpStandard", "..\StaticAndExtensionsCSharpStandard\StaticAndExtensionsCSharpStandard.csproj", "{97CF6D61-0EB8-43F6-A547-EAA18EE2418E}"
EndProject
Global
	GlobalSection(SolutionConfigurationPlatforms) = preSolution
		Debug|Any CPU = Debug|Any CPU
		Release|Any CPU = Release|Any CPU
	EndGlobalSection
	GlobalSection(ProjectConfigurationPlatforms) = postSolution
		{DAB16CA7-6971-4433-B4AE-9773F21A0BE6}.Debug|Any CPU.ActiveCfg = Debug|Any CPU
		{DAB16CA7-6971-4433-B4AE-9773F21A0BE6}.Debug|Any CPU.Build.0 = Debug|Any CPU
		{DAB16CA7-6971-4433-B4AE-9773F21A0BE6}.Release|Any CPU.ActiveCfg = Release|Any CPU
		{DAB16CA7-6971-4433-B4AE-9773F21A0BE6}.Release|Any CPU.Build.0 = Release|Any CPU
		{97CF6D61-0EB8-43F6-A547-EAA18EE2418E}.Debug|Any CPU.ActiveCfg = Debug|Any CPU
		{97CF6D61-0EB8-43F6-A547-EAA18EE2418E}.Debug|Any CPU.Build.0 = Debug|Any CPU
		{97CF6D61-0EB8-43F6-A547-EAA18EE2418E}.Release|Any CPU.ActiveCfg = Release|Any CPU
		{97CF6D61-0EB8-43F6-A547-EAA18EE2418E}.Release|Any CPU.Build.0 = Release|Any CPU
	EndGlobalSection
	GlobalSection(SolutionProperties) = preSolution
		HideSolutionNode = FALSE
	EndGlobalSection
	GlobalSection(ExtensibilityGlobals) = postSolution
		SolutionGuid = {439F123F-166A-49B1-BB24-0782DBEB6581}
	EndGlobalSection
EndGlobal
